
Microsoft Visual Studio Solution File, Format Version 12.00
# Visual Studio Version 16
VisualStudioVersion = 16.0.29519.181
MinimumVisualStudioVersion = 15.0.26124.0
Project("{9A19103F-16F7-4668-BE54-9A1E7A4F7556}") = "Intent.Test", "src\Intent.Test\Intent.Test.csproj", "{5BF63C77-A745-426D-A8E3-D92356FD1009}"
EndProject
Project("{9A19103F-16F7-4668-BE54-9A1E7A4F7556}") = "Intent", "src\Intent\Intent.csproj", "{76E2EC0C-06C9-4E0F-B0E1-2DBF939A4B43}"
EndProject
Global
	GlobalSection(SolutionConfigurationPlatforms) = preSolution
		Debug|Any CPU = Debug|Any CPU
		Debug|x64 = Debug|x64
		Debug|x86 = Debug|x86
		Release|Any CPU = Release|Any CPU
		Release|x64 = Release|x64
		Release|x86 = Release|x86
	EndGlobalSection
	GlobalSection(ProjectConfigurationPlatforms) = postSolution
		{5BF63C77-A745-426D-A8E3-D92356FD1009}.Debug|Any CPU.ActiveCfg = Debug|Any CPU
		{5BF63C77-A745-426D-A8E3-D92356FD1009}.Debug|Any CPU.Build.0 = Debug|Any CPU
		{5BF63C77-A745-426D-A8E3-D92356FD1009}.Debug|x64.ActiveCfg = Debug|Any CPU
		{5BF63C77-A745-426D-A8E3-D92356FD1009}.Debug|x64.Build.0 = Debug|Any CPU
		{5BF63C77-A745-426D-A8E3-D92356FD1009}.Debug|x86.ActiveCfg = Debug|Any CPU
		{5BF63C77-A745-426D-A8E3-D92356FD1009}.Debug|x86.Build.0 = Debug|Any CPU
		{5BF63C77-A745-426D-A8E3-D92356FD1009}.Release|Any CPU.ActiveCfg = Release|Any CPU
		{5BF63C77-A745-426D-A8E3-D92356FD1009}.Release|Any CPU.Build.0 = Release|Any CPU
		{5BF63C77-A745-426D-A8E3-D92356FD1009}.Release|x64.ActiveCfg = Release|Any CPU
		{5BF63C77-A745-426D-A8E3-D92356FD1009}.Release|x64.Build.0 = Release|Any CPU
		{5BF63C77-A745-426D-A8E3-D92356FD1009}.Release|x86.ActiveCfg = Release|Any CPU
		{5BF63C77-A745-426D-A8E3-D92356FD1009}.Release|x86.Build.0 = Release|Any CPU
		{76E2EC0C-06C9-4E0F-B0E1-2DBF939A4B43}.Debug|Any CPU.ActiveCfg = Debug|Any CPU
		{76E2EC0C-06C9-4E0F-B0E1-2DBF939A4B43}.Debug|Any CPU.Build.0 = Debug|Any CPU
		{76E2EC0C-06C9-4E0F-B0E1-2DBF939A4B43}.Debug|x64.ActiveCfg = Debug|Any CPU
		{76E2EC0C-06C9-4E0F-B0E1-2DBF939A4B43}.Debug|x64.Build.0 = Debug|Any CPU
		{76E2EC0C-06C9-4E0F-B0E1-2DBF939A4B43}.Debug|x86.ActiveCfg = Debug|Any CPU
		{76E2EC0C-06C9-4E0F-B0E1-2DBF939A4B43}.Debug|x86.Build.0 = Debug|Any CPU
		{76E2EC0C-06C9-4E0F-B0E1-2DBF939A4B43}.Release|Any CPU.ActiveCfg = Release|Any CPU
		{76E2EC0C-06C9-4E0F-B0E1-2DBF939A4B43}.Release|Any CPU.Build.0 = Release|Any CPU
		{76E2EC0C-06C9-4E0F-B0E1-2DBF939A4B43}.Release|x64.ActiveCfg = Release|Any CPU
		{76E2EC0C-06C9-4E0F-B0E1-2DBF939A4B43}.Release|x64.Build.0 = Release|Any CPU
		{76E2EC0C-06C9-4E0F-B0E1-2DBF939A4B43}.Release|x86.ActiveCfg = Release|Any CPU
		{76E2EC0C-06C9-4E0F-B0E1-2DBF939A4B43}.Release|x86.Build.0 = Release|Any CPU
	EndGlobalSection
	GlobalSection(SolutionProperties) = preSolution
		HideSolutionNode = FALSE
	EndGlobalSection
	GlobalSection(ExtensibilityGlobals) = postSolution
		SolutionGuid = {D3CD60FF-F1EB-4357-B709-AA697B16FDB8}
	EndGlobalSection
EndGlobal
